
Microsoft Visual Studio Solution File, Format Version 11.00
# Visual Studio 2010
Project("{FAE04EC0-301F-11D3-BF4B-00C04F79EFBC}") = "Assembly-CSharp", "Assembly-CSharp.csproj", "{4e723d95-ad74-beea-0f04-2ef7fd766a8e}"
EndProject
Project("{FAE04EC0-301F-11D3-BF4B-00C04F79EFBC}") = "Assembly-CSharp-firstpass", "Assembly-CSharp-firstpass.csproj", "{cf5163bf-ffe0-ac3d-605c-2a28e654cd28}"
EndProject
Project("{FAE04EC0-301F-11D3-BF4B-00C04F79EFBC}") = "Assembly-CSharp-Editor", "Assembly-CSharp-Editor.csproj", "{873d2143-2dbd-6e08-bdd9-2cde5a985637}"
EndProject
Global
	GlobalSection(SolutionConfigurationPlatforms) = preSolution
		Debug|Any CPU = Debug|Any CPU
	EndGlobalSection
	GlobalSection(ProjectConfigurationPlatforms) = postSolution
		{4e723d95-ad74-beea-0f04-2ef7fd766a8e}.Debug|Any CPU.ActiveCfg = Debug|Any CPU
		{4e723d95-ad74-beea-0f04-2ef7fd766a8e}.Debug|Any CPU.Build.0 = Debug|Any CPU
		{cf5163bf-ffe0-ac3d-605c-2a28e654cd28}.Debug|Any CPU.ActiveCfg = Debug|Any CPU
		{cf5163bf-ffe0-ac3d-605c-2a28e654cd28}.Debug|Any CPU.Build.0 = Debug|Any CPU
		{873d2143-2dbd-6e08-bdd9-2cde5a985637}.Debug|Any CPU.ActiveCfg = Debug|Any CPU
		{873d2143-2dbd-6e08-bdd9-2cde5a985637}.Debug|Any CPU.Build.0 = Debug|Any CPU
	EndGlobalSection
	GlobalSection(SolutionProperties) = preSolution
		HideSolutionNode = FALSE
	EndGlobalSection
EndGlobal
